
Microsoft Visual Studio Solution File, Format Version 12.00
# Visual Studio Version 17
VisualStudioVersion = 17.3.32929.385
MinimumVisualStudioVersion = 10.0.40219.1
Project("{FAE04EC0-301F-11D3-BF4B-00C04F79EFBC}") = "HiLoServer", "HiLoServer\HiLoServer.csproj", "{FED95004-76A8-461D-B84D-C18FBADB51B2}"
EndProject
Global
	GlobalSection(SolutionConfigurationPlatforms) = preSolution
		Debug|Any CPU = Debug|Any CPU
		Release|Any CPU = Release|Any CPU
	EndGlobalSection
	GlobalSection(ProjectConfigurationPlatforms) = postSolution
		{FED95004-76A8-461D-B84D-C18FBADB51B2}.Debug|Any CPU.ActiveCfg = Debug|Any CPU
		{FED95004-76A8-461D-B84D-C18FBADB51B2}.Debug|Any CPU.Build.0 = Debug|Any CPU
		{FED95004-76A8-461D-B84D-C18FBADB51B2}.Release|Any CPU.ActiveCfg = Release|Any CPU
		{FED95004-76A8-461D-B84D-C18FBADB51B2}.Release|Any CPU.Build.0 = Release|Any CPU
	EndGlobalSection
	GlobalSection(SolutionProperties) = preSolution
		HideSolutionNode = FALSE
	EndGlobalSection
	GlobalSection(ExtensibilityGlobals) = postSolution
		SolutionGuid = {4FD50DD5-CA3A-4637-B821-E0D2AA40D168}
	EndGlobalSection
EndGlobal
