
Microsoft Visual Studio Solution File, Format Version 12.00
# Visual Studio Version 17
VisualStudioVersion = 17.3.32929.385
MinimumVisualStudioVersion = 10.0.40219.1
Project("{FAE04EC0-301F-11D3-BF4B-00C04F79EFBC}") = "HiLoServer", "HiLoServer\HiLoServer.csproj", "{FED95004-76A8-461D-B84D-C18FBADB51B2}"
EndProject
Project("{FAE04EC0-301F-11D3-BF4B-00C04F79EFBC}") = "GameLogic", "GameLogic\GameLogic.csproj", "{713F7E90-B3A2-4EC3-A51C-993CF4089FB8}"
EndProject
Project("{FAE04EC0-301F-11D3-BF4B-00C04F79EFBC}") = "HiLoClient", "HiLoClient\HiLoClient.csproj", "{0057D1A0-0331-4404-B7A6-6FBD9F74A2F7}"
EndProject
Project("{2150E333-8FDC-42A3-9474-1A3956D46DE8}") = "Tests", "Tests", "{9D579828-02F5-4B52-8974-485EE5505ED5}"
EndProject
Project("{FAE04EC0-301F-11D3-BF4B-00C04F79EFBC}") = "HiLo.UnitTests", "HiLo.UnitTests\HiLo.UnitTests.csproj", "{75586DDC-A490-45F7-90B7-DB466E33AC43}"
EndProject
Global
	GlobalSection(SolutionConfigurationPlatforms) = preSolution
		Debug|Any CPU = Debug|Any CPU
		Release|Any CPU = Release|Any CPU
	EndGlobalSection
	GlobalSection(ProjectConfigurationPlatforms) = postSolution
		{FED95004-76A8-461D-B84D-C18FBADB51B2}.Debug|Any CPU.ActiveCfg = Debug|Any CPU
		{FED95004-76A8-461D-B84D-C18FBADB51B2}.Debug|Any CPU.Build.0 = Debug|Any CPU
		{FED95004-76A8-461D-B84D-C18FBADB51B2}.Release|Any CPU.ActiveCfg = Release|Any CPU
		{FED95004-76A8-461D-B84D-C18FBADB51B2}.Release|Any CPU.Build.0 = Release|Any CPU
		{713F7E90-B3A2-4EC3-A51C-993CF4089FB8}.Debug|Any CPU.ActiveCfg = Debug|Any CPU
		{713F7E90-B3A2-4EC3-A51C-993CF4089FB8}.Debug|Any CPU.Build.0 = Debug|Any CPU
		{713F7E90-B3A2-4EC3-A51C-993CF4089FB8}.Release|Any CPU.ActiveCfg = Release|Any CPU
		{713F7E90-B3A2-4EC3-A51C-993CF4089FB8}.Release|Any CPU.Build.0 = Release|Any CPU
		{0057D1A0-0331-4404-B7A6-6FBD9F74A2F7}.Debug|Any CPU.ActiveCfg = Debug|Any CPU
		{0057D1A0-0331-4404-B7A6-6FBD9F74A2F7}.Debug|Any CPU.Build.0 = Debug|Any CPU
		{0057D1A0-0331-4404-B7A6-6FBD9F74A2F7}.Release|Any CPU.ActiveCfg = Release|Any CPU
		{0057D1A0-0331-4404-B7A6-6FBD9F74A2F7}.Release|Any CPU.Build.0 = Release|Any CPU
		{75586DDC-A490-45F7-90B7-DB466E33AC43}.Debug|Any CPU.ActiveCfg = Debug|Any CPU
		{75586DDC-A490-45F7-90B7-DB466E33AC43}.Debug|Any CPU.Build.0 = Debug|Any CPU
		{75586DDC-A490-45F7-90B7-DB466E33AC43}.Release|Any CPU.ActiveCfg = Release|Any CPU
		{75586DDC-A490-45F7-90B7-DB466E33AC43}.Release|Any CPU.Build.0 = Release|Any CPU
	EndGlobalSection
	GlobalSection(SolutionProperties) = preSolution
		HideSolutionNode = FALSE
	EndGlobalSection
	GlobalSection(NestedProjects) = preSolution
		{75586DDC-A490-45F7-90B7-DB466E33AC43} = {9D579828-02F5-4B52-8974-485EE5505ED5}
	EndGlobalSection
	GlobalSection(ExtensibilityGlobals) = postSolution
		SolutionGuid = {4FD50DD5-CA3A-4637-B821-E0D2AA40D168}
	EndGlobalSection
EndGlobal
